
Microsoft Visual Studio Solution File, Format Version 12.00
# Visual Studio Version 17
VisualStudioVersion = 17.6.33815.320
MinimumVisualStudioVersion = 10.0.40219.1
Project("{FAE04EC0-301F-11D3-BF4B-00C04F79EFBC}") = "Zadanie2GK", "Zadanie2GK\Zadanie2GK.csproj", "{8BE2BD6C-C407-40CD-8FAC-F4EEB4CE8043}"
EndProject
Global
	GlobalSection(SolutionConfigurationPlatforms) = preSolution
		Debug|Any CPU = Debug|Any CPU
		Release|Any CPU = Release|Any CPU
	EndGlobalSection
	GlobalSection(ProjectConfigurationPlatforms) = postSolution
		{8BE2BD6C-C407-40CD-8FAC-F4EEB4CE8043}.Debug|Any CPU.ActiveCfg = Debug|Any CPU
		{8BE2BD6C-C407-40CD-8FAC-F4EEB4CE8043}.Debug|Any CPU.Build.0 = Debug|Any CPU
		{8BE2BD6C-C407-40CD-8FAC-F4EEB4CE8043}.Release|Any CPU.ActiveCfg = Release|Any CPU
		{8BE2BD6C-C407-40CD-8FAC-F4EEB4CE8043}.Release|Any CPU.Build.0 = Release|Any CPU
	EndGlobalSection
	GlobalSection(SolutionProperties) = preSolution
		HideSolutionNode = FALSE
	EndGlobalSection
	GlobalSection(ExtensibilityGlobals) = postSolution
		SolutionGuid = {79C5CDF2-948C-46DC-ADF2-F7E5656E5B61}
	EndGlobalSection
EndGlobal
